Microsoft Visual Studio Solution File, Format Version 12.00
# Visual Studio 15
VisualStudioVersion = 15.0.27130.2036
MinimumVisualStudioVersion = 15.0.26124.0
Project("{2150E333-8FDC-42A3-9474-1A3956D46DE8}") = "src", "src", "{AA42B531-083F-4A99-A1F3-5740F10327A5}"
EndProject
Project("{9A19103F-16F7-4668-BE54-9A1E7A4F7556}") = "Kapul.Api", "src\Kapul.Api\Kapul.Api.csproj", "{E636C7AA-10D1-454A-BF95-ED2AF6C1F883}"
EndProject
Project("{9A19103F-16F7-4668-BE54-9A1E7A4F7556}") = "Kapul.Common", "src\Kapul.Common\Kapul.Common.csproj", "{E8F3D41C-AEDE-4095-B9C7-4DF8A0DA26ED}"
EndProject
Project("{9A19103F-16F7-4668-BE54-9A1E7A4F7556}") = "Kapul.Services.Trajet", "src\Kapul.Services.Trajet\Kapul.Services.Trajet.csproj", "{3BD2E388-6F4F-4869-A460-ED07181B2AA2}"
EndProject
Project("{9A19103F-16F7-4668-BE54-9A1E7A4F7556}") = "Kapul.Services.Identity", "src\Kapul.Services.Identity\Kapul.Services.Identity.csproj", "{7443A479-5BC6-4FA1-8FF1-A15B40C74D3E}"
EndProject
Project("{2150E333-8FDC-42A3-9474-1A3956D46DE8}") = "tests", "tests", "{24D66BFE-CBF7-4822-B3C4-35EA39A1A178}"
EndProject
Project("{9A19103F-16F7-4668-BE54-9A1E7A4F7556}") = "Kapul.Api.Tests", "tests\Kapul.Api.Tests\Kapul.Api.Tests.csproj", "{029FDA27-A135-45EA-BFF4-BA53E1E97ACC}"
EndProject
Project("{9A19103F-16F7-4668-BE54-9A1E7A4F7556}") = "Kapul.Services.Identity.Tests", "tests\Kapul.Services.Identity.Tests\Kapul.Services.Identity.Tests.csproj", "{2C4CAB67-029A-4625-B51A-66FB9B2B5545}"
EndProject
Project("{9A19103F-16F7-4668-BE54-9A1E7A4F7556}") = "Kapul.Services.Trajet.Tests", "tests\Kapul.Services.Trajet.Tests\Kapul.Services.Trajet.Tests.csproj", "{B017415A-04FC-45C7-8F06-8045D9B87C5D}"
EndProject
Global
	GlobalSection(SolutionConfigurationPlatforms) = preSolution
		Debug|Any CPU = Debug|Any CPU
		Debug|x64 = Debug|x64
		Debug|x86 = Debug|x86
		Release|Any CPU = Release|Any CPU
		Release|x64 = Release|x64
		Release|x86 = Release|x86
	EndGlobalSection
	GlobalSection(ProjectConfigurationPlatforms) = postSolution
		{E636C7AA-10D1-454A-BF95-ED2AF6C1F883}.Debug|Any CPU.ActiveCfg = Debug|Any CPU
		{E636C7AA-10D1-454A-BF95-ED2AF6C1F883}.Debug|Any CPU.Build.0 = Debug|Any CPU
		{E636C7AA-10D1-454A-BF95-ED2AF6C1F883}.Debug|x64.ActiveCfg = Debug|Any CPU
		{E636C7AA-10D1-454A-BF95-ED2AF6C1F883}.Debug|x64.Build.0 = Debug|Any CPU
		{E636C7AA-10D1-454A-BF95-ED2AF6C1F883}.Debug|x86.ActiveCfg = Debug|Any CPU
		{E636C7AA-10D1-454A-BF95-ED2AF6C1F883}.Debug|x86.Build.0 = Debug|Any CPU
		{E636C7AA-10D1-454A-BF95-ED2AF6C1F883}.Release|Any CPU.ActiveCfg = Release|Any CPU
		{E636C7AA-10D1-454A-BF95-ED2AF6C1F883}.Release|Any CPU.Build.0 = Release|Any CPU
		{E636C7AA-10D1-454A-BF95-ED2AF6C1F883}.Release|x64.ActiveCfg = Release|Any CPU
		{E636C7AA-10D1-454A-BF95-ED2AF6C1F883}.Release|x64.Build.0 = Release|Any CPU
		{E636C7AA-10D1-454A-BF95-ED2AF6C1F883}.Release|x86.ActiveCfg = Release|Any CPU
		{E636C7AA-10D1-454A-BF95-ED2AF6C1F883}.Release|x86.Build.0 = Release|Any CPU
		{E8F3D41C-AEDE-4095-B9C7-4DF8A0DA26ED}.Debug|Any CPU.ActiveCfg = Debug|Any CPU
		{E8F3D41C-AEDE-4095-B9C7-4DF8A0DA26ED}.Debug|Any CPU.Build.0 = Debug|Any CPU
		{E8F3D41C-AEDE-4095-B9C7-4DF8A0DA26ED}.Debug|x64.ActiveCfg = Debug|Any CPU
		{E8F3D41C-AEDE-4095-B9C7-4DF8A0DA26ED}.Debug|x64.Build.0 = Debug|Any CPU
		{E8F3D41C-AEDE-4095-B9C7-4DF8A0DA26ED}.Debug|x86.ActiveCfg = Debug|Any CPU
		{E8F3D41C-AEDE-4095-B9C7-4DF8A0DA26ED}.Debug|x86.Build.0 = Debug|Any CPU
		{E8F3D41C-AEDE-4095-B9C7-4DF8A0DA26ED}.Release|Any CPU.ActiveCfg = Release|Any CPU
		{E8F3D41C-AEDE-4095-B9C7-4DF8A0DA26ED}.Release|Any CPU.Build.0 = Release|Any CPU
		{E8F3D41C-AEDE-4095-B9C7-4DF8A0DA26ED}.Release|x64.ActiveCfg = Release|Any CPU
		{E8F3D41C-AEDE-4095-B9C7-4DF8A0DA26ED}.Release|x64.Build.0 = Release|Any CPU
		{E8F3D41C-AEDE-4095-B9C7-4DF8A0DA26ED}.Release|x86.ActiveCfg = Release|Any CPU
		{E8F3D41C-AEDE-4095-B9C7-4DF8A0DA26ED}.Release|x86.Build.0 = Release|Any CPU
		{3BD2E388-6F4F-4869-A460-ED07181B2AA2}.Debug|Any CPU.ActiveCfg = Debug|Any CPU
		{3BD2E388-6F4F-4869-A460-ED07181B2AA2}.Debug|Any CPU.Build.0 = Debug|Any CPU
		{3BD2E388-6F4F-4869-A460-ED07181B2AA2}.Debug|x64.ActiveCfg = Debug|Any CPU
		{3BD2E388-6F4F-4869-A460-ED07181B2AA2}.Debug|x64.Build.0 = Debug|Any CPU
		{3BD2E388-6F4F-4869-A460-ED07181B2AA2}.Debug|x86.ActiveCfg = Debug|Any CPU
		{3BD2E388-6F4F-4869-A460-ED07181B2AA2}.Debug|x86.Build.0 = Debug|Any CPU
		{3BD2E388-6F4F-4869-A460-ED07181B2AA2}.Release|Any CPU.ActiveCfg = Release|Any CPU
		{3BD2E388-6F4F-4869-A460-ED07181B2AA2}.Release|Any CPU.Build.0 = Release|Any CPU
		{3BD2E388-6F4F-4869-A460-ED07181B2AA2}.Release|x64.ActiveCfg = Release|Any CPU
		{3BD2E388-6F4F-4869-A460-ED07181B2AA2}.Release|x64.Build.0 = Release|Any CPU
		{3BD2E388-6F4F-4869-A460-ED07181B2AA2}.Release|x86.ActiveCfg = Release|Any CPU
		{3BD2E388-6F4F-4869-A460-ED07181B2AA2}.Release|x86.Build.0 = Release|Any CPU
		{7443A479-5BC6-4FA1-8FF1-A15B40C74D3E}.Debug|Any CPU.ActiveCfg = Debug|Any CPU
		{7443A479-5BC6-4FA1-8FF1-A15B40C74D3E}.Debug|Any CPU.Build.0 = Debug|Any CPU
		{7443A479-5BC6-4FA1-8FF1-A15B40C74D3E}.Debug|x64.ActiveCfg = Debug|Any CPU
		{7443A479-5BC6-4FA1-8FF1-A15B40C74D3E}.Debug|x64.Build.0 = Debug|Any CPU
		{7443A479-5BC6-4FA1-8FF1-A15B40C74D3E}.Debug|x86.ActiveCfg = Debug|Any CPU
		{7443A479-5BC6-4FA1-8FF1-A15B40C74D3E}.Debug|x86.Build.0 = Debug|Any CPU
		{7443A479-5BC6-4FA1-8FF1-A15B40C74D3E}.Release|Any CPU.ActiveCfg = Release|Any CPU
		{7443A479-5BC6-4FA1-8FF1-A15B40C74D3E}.Release|Any CPU.Build.0 = Release|Any CPU
		{7443A479-5BC6-4FA1-8FF1-A15B40C74D3E}.Release|x64.ActiveCfg = Release|Any CPU
		{7443A479-5BC6-4FA1-8FF1-A15B40C74D3E}.Release|x64.Build.0 = Release|Any CPU
		{7443A479-5BC6-4FA1-8FF1-A15B40C74D3E}.Release|x86.ActiveCfg = Release|Any CPU
		{7443A479-5BC6-4FA1-8FF1-A15B40C74D3E}.Release|x86.Build.0 = Release|Any CPU
		{029FDA27-A135-45EA-BFF4-BA53E1E97ACC}.Debug|Any CPU.ActiveCfg = Debug|Any CPU
		{029FDA27-A135-45EA-BFF4-BA53E1E97ACC}.Debug|Any CPU.Build.0 = Debug|Any CPU
		{029FDA27-A135-45EA-BFF4-BA53E1E97ACC}.Debug|x64.ActiveCfg = Debug|Any CPU
		{029FDA27-A135-45EA-BFF4-BA53E1E97ACC}.Debug|x64.Build.0 = Debug|Any CPU
		{029FDA27-A135-45EA-BFF4-BA53E1E97ACC}.Debug|x86.ActiveCfg = Debug|Any CPU
		{029FDA27-A135-45EA-BFF4-BA53E1E97ACC}.Debug|x86.Build.0 = Debug|Any CPU
		{029FDA27-A135-45EA-BFF4-BA53E1E97ACC}.Release|Any CPU.ActiveCfg = Release|Any CPU
		{029FDA27-A135-45EA-BFF4-BA53E1E97ACC}.Release|Any CPU.Build.0 = Release|Any CPU
		{029FDA27-A135-45EA-BFF4-BA53E1E97ACC}.Release|x64.ActiveCfg = Release|Any CPU
		{029FDA27-A135-45EA-BFF4-BA53E1E97ACC}.Release|x64.Build.0 = Release|Any CPU
		{029FDA27-A135-45EA-BFF4-BA53E1E97ACC}.Release|x86.ActiveCfg = Release|Any CPU
		{029FDA27-A135-45EA-BFF4-BA53E1E97ACC}.Release|x86.Build.0 = Release|Any CPU
		{2C4CAB67-029A-4625-B51A-66FB9B2B5545}.Debug|Any CPU.ActiveCfg = Debug|Any CPU
		{2C4CAB67-029A-4625-B51A-66FB9B2B5545}.Debug|Any CPU.Build.0 = Debug|Any CPU
		{2C4CAB67-029A-4625-B51A-66FB9B2B5545}.Debug|x64.ActiveCfg = Debug|Any CPU
		{2C4CAB67-029A-4625-B51A-66FB9B2B5545}.Debug|x64.Build.0 = Debug|Any CPU
		{2C4CAB67-029A-4625-B51A-66FB9B2B5545}.Debug|x86.ActiveCfg = Debug|Any CPU
		{2C4CAB67-029A-4625-B51A-66FB9B2B5545}.Debug|x86.Build.0 = Debug|Any CPU
		{2C4CAB67-029A-4625-B51A-66FB9B2B5545}.Release|Any CPU.ActiveCfg = Release|Any CPU
		{2C4CAB67-029A-4625-B51A-66FB9B2B5545}.Release|Any CPU.Build.0 = Release|Any CPU
		{2C4CAB67-029A-4625-B51A-66FB9B2B5545}.Release|x64.ActiveCfg = Release|Any CPU
		{2C4CAB67-029A-4625-B51A-66FB9B2B5545}.Release|x64.Build.0 = Release|Any CPU
		{2C4CAB67-029A-4625-B51A-66FB9B2B5545}.Release|x86.ActiveCfg = Release|Any CPU
		{2C4CAB67-029A-4625-B51A-66FB9B2B5545}.Release|x86.Build.0 = Release|Any CPU
		{B017415A-04FC-45C7-8F06-8045D9B87C5D}.Debug|Any CPU.ActiveCfg = Debug|Any CPU
		{B017415A-04FC-45C7-8F06-8045D9B87C5D}.Debug|Any CPU.Build.0 = Debug|Any CPU
		{B017415A-04FC-45C7-8F06-8045D9B87C5D}.Debug|x64.ActiveCfg = Debug|Any CPU
		{B017415A-04FC-45C7-8F06-8045D9B87C5D}.Debug|x64.Build.0 = Debug|Any CPU
		{B017415A-04FC-45C7-8F06-8045D9B87C5D}.Debug|x86.ActiveCfg = Debug|Any CPU
		{B017415A-04FC-45C7-8F06-8045D9B87C5D}.Debug|x86.Build.0 = Debug|Any CPU
		{B017415A-04FC-45C7-8F06-8045D9B87C5D}.Release|Any CPU.ActiveCfg = Release|Any CPU
		{B017415A-04FC-45C7-8F06-8045D9B87C5D}.Release|Any CPU.Build.0 = Release|Any CPU
		{B017415A-04FC-45C7-8F06-8045D9B87C5D}.Release|x64.ActiveCfg = Release|Any CPU
		{B017415A-04FC-45C7-8F06-8045D9B87C5D}.Release|x64.Build.0 = Release|Any CPU
		{B017415A-04FC-45C7-8F06-8045D9B87C5D}.Release|x86.ActiveCfg = Release|Any CPU
		{B017415A-04FC-45C7-8F06-8045D9B87C5D}.Release|x86.Build.0 = Release|Any CPU
	EndGlobalSection
	GlobalSection(SolutionProperties) = preSolution
		HideSolutionNode = FALSE
	EndGlobalSection
	GlobalSection(NestedProjects) = preSolution
		{E636C7AA-10D1-454A-BF95-ED2AF6C1F883} = {AA42B531-083F-4A99-A1F3-5740F10327A5}
		{E8F3D41C-AEDE-4095-B9C7-4DF8A0DA26ED} = {AA42B531-083F-4A99-A1F3-5740F10327A5}
		{3BD2E388-6F4F-4869-A460-ED07181B2AA2} = {AA42B531-083F-4A99-A1F3-5740F10327A5}
		{7443A479-5BC6-4FA1-8FF1-A15B40C74D3E} = {AA42B531-083F-4A99-A1F3-5740F10327A5}
		{029FDA27-A135-45EA-BFF4-BA53E1E97ACC} = {24D66BFE-CBF7-4822-B3C4-35EA39A1A178}
		{2C4CAB67-029A-4625-B51A-66FB9B2B5545} = {24D66BFE-CBF7-4822-B3C4-35EA39A1A178}
		{B017415A-04FC-45C7-8F06-8045D9B87C5D} = {24D66BFE-CBF7-4822-B3C4-35EA39A1A178}
	EndGlobalSection
	GlobalSection(ExtensibilityGlobals) = postSolution
		SolutionGuid = {34EFD6EC-672E-4787-AC89-CC85D9478930}
	EndGlobalSection
EndGlobal
